
Microsoft Visual Studio Solution File, Format Version 12.00
# Visual Studio 16
Project("{FAE04EC0-301F-11D3-BF4B-00C04F79EFBC}") = "Assembly-CSharp", "Assembly-CSharp.csproj", "{511E0633-86C6-668E-46CD-5A602CBE612A}"
EndProject
Project("{FAE04EC0-301F-11D3-BF4B-00C04F79EFBC}") = "Assembly-CSharp-Editor", "Assembly-CSharp-Editor.csproj", "{92F99287-57EB-6ECC-E80C-29A26A9BB991}"
EndProject
Global
	GlobalSection(SolutionConfigurationPlatforms) = preSolution
		Debug|Any CPU = Debug|Any CPU
		Release|Any CPU = Release|Any CPU
	EndGlobalSection
	GlobalSection(ProjectConfigurationPlatforms) = postSolution
		{511E0633-86C6-668E-46CD-5A602CBE612A}.Debug|Any CPU.ActiveCfg = Debug|Any CPU
		{511E0633-86C6-668E-46CD-5A602CBE612A}.Debug|Any CPU.Build.0 = Debug|Any CPU
		{511E0633-86C6-668E-46CD-5A602CBE612A}.Release|Any CPU.ActiveCfg = Release|Any CPU
		{511E0633-86C6-668E-46CD-5A602CBE612A}.Release|Any CPU.Build.0 = Release|Any CPU
		{92F99287-57EB-6ECC-E80C-29A26A9BB991}.Debug|Any CPU.ActiveCfg = Debug|Any CPU
		{92F99287-57EB-6ECC-E80C-29A26A9BB991}.Debug|Any CPU.Build.0 = Debug|Any CPU
		{92F99287-57EB-6ECC-E80C-29A26A9BB991}.Release|Any CPU.ActiveCfg = Release|Any CPU
		{92F99287-57EB-6ECC-E80C-29A26A9BB991}.Release|Any CPU.Build.0 = Release|Any CPU
	EndGlobalSection
	GlobalSection(SolutionProperties) = preSolution
		HideSolutionNode = FALSE
	EndGlobalSection
EndGlobal
